
Microsoft Visual Studio Solution File, Format Version 12.00
# Visual Studio 14
VisualStudioVersion = 14.0.25420.1
MinimumVisualStudioVersion = 10.0.40219.1
Project("{FAE04EC0-301F-11D3-BF4B-00C04F79EFBC}") = "TimePunch", "TimePunch\TimePunch.csproj", "{DE09D062-BC13-448E-B1D9-1D87DB7F59D3}"
EndProject
Project("{2150E333-8FDC-42A3-9474-1A3956D46DE8}") = "Solution Items", "Solution Items", "{9E3E138C-7206-476E-8269-389D4161A486}"
	ProjectSection(SolutionItems) = preProject
		README.md = README.md
	EndProjectSection
EndProject
Global
	GlobalSection(SolutionConfigurationPlatforms) = preSolution
		Debug|Any CPU = Debug|Any CPU
		Release|Any CPU = Release|Any CPU
	EndGlobalSection
	GlobalSection(ProjectConfigurationPlatforms) = postSolution
		{DE09D062-BC13-448E-B1D9-1D87DB7F59D3}.Debug|Any CPU.ActiveCfg = Debug|Any CPU
		{DE09D062-BC13-448E-B1D9-1D87DB7F59D3}.Debug|Any CPU.Build.0 = Debug|Any CPU
		{DE09D062-BC13-448E-B1D9-1D87DB7F59D3}.Release|Any CPU.ActiveCfg = Release|Any CPU
		{DE09D062-BC13-448E-B1D9-1D87DB7F59D3}.Release|Any CPU.Build.0 = Release|Any CPU
	EndGlobalSection
	GlobalSection(SolutionProperties) = preSolution
		HideSolutionNode = FALSE
	EndGlobalSection
EndGlobal
